// !$*UTF8*$!
{
	archiveVersion = 1;
	classes = {
	};
	objectVersion = 55;
	objects = {

/* Begin PBXBuildFile section */
		290613AF288612D4005FE8B1 /* Collections in Frameworks */ = {isa = PBXBuildFile; productRef = 290613AE288612D4005FE8B1 /* Collections */; };
		290613B2288614C1005FE8B1 /* SwiftUICharts in Frameworks */ = {isa = PBXBuildFile; productRef = 290613B1288614C1005FE8B1 /* SwiftUICharts */; };
		29657C372881EE9300C70593 /* SpenderApp.swift in Sources */ = {isa = PBXBuildFile; fileRef = 29657C362881EE9300C70593 /* SpenderApp.swift */; };
		29657C392881EE9300C70593 /* ContentView.swift in Sources */ = {isa = PBXBuildFile; fileRef = 29657C382881EE9300C70593 /* ContentView.swift */; };
		29657C3B2881EE9600C70593 /* Assets.xcassets in Resources */ = {isa = PBXBuildFile; fileRef = 29657C3A2881EE9600C70593 /* Assets.xcassets */; };
		29657C3E2881EE9600C70593 /* Preview Assets.xcassets in Resources */ = {isa = PBXBuildFile; fileRef = 29657C3D2881EE9600C70593 /* Preview Assets.xcassets */; };
		298734242881F5E800CA7501 /* Extensions.swift in Sources */ = {isa = PBXBuildFile; fileRef = 298734232881F5E800CA7501 /* Extensions.swift */; };
		298734262881FB6C00CA7501 /* TransactionModel.swift in Sources */ = {isa = PBXBuildFile; fileRef = 298734252881FB6C00CA7501 /* TransactionModel.swift */; };
		298734282881FCAC00CA7501 /* PreviewData.swift in Sources */ = {isa = PBXBuildFile; fileRef = 298734272881FCAC00CA7501 /* PreviewData.swift */; };
		2987342A2882002D00CA7501 /* TransactionRow.swift in Sources */ = {isa = PBXBuildFile; fileRef = 298734292882002D00CA7501 /* TransactionRow.swift */; };
		2987342D28821B8400CA7501 /* SwiftUIFontIcon in Frameworks */ = {isa = PBXBuildFile; productRef = 2987342C28821B8400CA7501 /* SwiftUIFontIcon */; };
		2987342F288268AF00CA7501 /* TransactionListViewModel.swift in Sources */ = {isa = PBXBuildFile; fileRef = 2987342E288268AF00CA7501 /* TransactionListViewModel.swift */; };
		29C642BA288601910077E34E /* TransactionList.swift in Sources */ = {isa = PBXBuildFile; fileRef = 29C642B9288601910077E34E /* TransactionList.swift */; };
		29EA99822884A10200616210 /* RecentTransactionList.swift in Sources */ = {isa = PBXBuildFile; fileRef = 29EA99812884A10200616210 /* RecentTransactionList.swift */; };
/* End PBXBuildFile section */

/* Begin PBXFileReference section */
		29657C332881EE9300C70593 /* Spender.app */ = {isa = PBXFileReference; explicitFileType = wrapper.application; includeInIndex = 0; path = Spender.app; sourceTree = BUILT_PRODUCTS_DIR; };
		29657C362881EE9300C70593 /* SpenderApp.swift */ = {isa = PBXFileReference; lastKnownFileType = sourcecode.swift; path = SpenderApp.swift; sourceTree = "<group>"; };
		29657C382881EE9300C70593 /* ContentView.swift */ = {isa = PBXFileReference; lastKnownFileType = sourcecode.swift; path = ContentView.swift; sourceTree = "<group>"; };
		29657C3A2881EE9600C70593 /* Assets.xcassets */ = {isa = PBXFileReference; lastKnownFileType = folder.assetcatalog; path = Assets.xcassets; sourceTree = "<group>"; };
		29657C3D2881EE9600C70593 /* Preview Assets.xcassets */ = {isa = PBXFileReference; lastKnownFileType = folder.assetcatalog; path = "Preview Assets.xcassets"; sourceTree = "<group>"; };
		298734232881F5E800CA7501 /* Extensions.swift */ = {isa = PBXFileReference; lastKnownFileType = sourcecode.swift; path = Extensions.swift; sourceTree = "<group>"; };
		298734252881FB6C00CA7501 /* TransactionModel.swift */ = {isa = PBXFileReference; lastKnownFileType = sourcecode.swift; path = TransactionModel.swift; sourceTree = "<group>"; };
		298734272881FCAC00CA7501 /* PreviewData.swift */ = {isa = PBXFileReference; lastKnownFileType = sourcecode.swift; path = PreviewData.swift; sourceTree = "<group>"; };
		298734292882002D00CA7501 /* TransactionRow.swift */ = {isa = PBXFileReference; lastKnownFileType = sourcecode.swift; path = TransactionRow.swift; sourceTree = "<group>"; };
		2987342E288268AF00CA7501 /* TransactionListViewModel.swift */ = {isa = PBXFileReference; lastKnownFileType = sourcecode.swift; path = TransactionListViewModel.swift; sourceTree = "<group>"; };
		29C642B9288601910077E34E /* TransactionList.swift */ = {isa = PBXFileReference; lastKnownFileType = sourcecode.swift; path = TransactionList.swift; sourceTree = "<group>"; };
		29EA99812884A10200616210 /* RecentTransactionList.swift */ = {isa = PBXFileReference; lastKnownFileType = sourcecode.swift; path = RecentTransactionList.swift; sourceTree = "<group>"; };
/* End PBXFileReference section */

/* Begin PBXFrameworksBuildPhase section */
		29657C302881EE9300C70593 /* Frameworks */ = {
			isa = PBXFrameworksBuildPhase;
			buildActionMask = 2147483647;
			files = (
				290613B2288614C1005FE8B1 /* SwiftUICharts in Frameworks */,
				290613AF288612D4005FE8B1 /* Collections in Frameworks */,
				2987342D28821B8400CA7501 /* SwiftUIFontIcon in Frameworks */,
			);
			runOnlyForDeploymentPostprocessing = 0;
		};
/* End PBXFrameworksBuildPhase section */

/* Begin PBXGroup section */
		29657C2A2881EE9300C70593 = {
			isa = PBXGroup;
			children = (
				29657C352881EE9300C70593 /* Spender */,
				29657C342881EE9300C70593 /* Products */,
			);
			sourceTree = "<group>";
		};
		29657C342881EE9300C70593 /* Products */ = {
			isa = PBXGroup;
			children = (
				29657C332881EE9300C70593 /* Spender.app */,
			);
			name = Products;
			sourceTree = "<group>";
		};
		29657C352881EE9300C70593 /* Spender */ = {
			isa = PBXGroup;
			children = (
				29657C362881EE9300C70593 /* SpenderApp.swift */,
				29657C382881EE9300C70593 /* ContentView.swift */,
				29EA99812884A10200616210 /* RecentTransactionList.swift */,
				298734292882002D00CA7501 /* TransactionRow.swift */,
				2987342E288268AF00CA7501 /* TransactionListViewModel.swift */,
				29C642B9288601910077E34E /* TransactionList.swift */,
				298734252881FB6C00CA7501 /* TransactionModel.swift */,
				298734232881F5E800CA7501 /* Extensions.swift */,
				29657C3A2881EE9600C70593 /* Assets.xcassets */,
				29657C3C2881EE9600C70593 /* Preview Content */,
			);
			path = Spender;
			sourceTree = "<group>";
		};
		29657C3C2881EE9600C70593 /* Preview Content */ = {
			isa = PBXGroup;
			children = (
				29657C3D2881EE9600C70593 /* Preview Assets.xcassets */,
				298734272881FCAC00CA7501 /* PreviewData.swift */,
			);
			path = "Preview Content";
			sourceTree = "<group>";
		};
/* End PBXGroup section */

/* Begin PBXNativeTarget section */
		29657C322881EE9300C70593 /* Spender */ = {
			isa = PBXNativeTarget;
			buildConfigurationList = 29657C412881EE9600C70593 /* Build configuration list for PBXNativeTarget "Spender" */;
			buildPhases = (
				29657C2F2881EE9300C70593 /* Sources */,
				29657C302881EE9300C70593 /* Frameworks */,
				29657C312881EE9300C70593 /* Resources */,
			);
			buildRules = (
			);
			dependencies = (
			);
			name = Spender;
			packageProductDependencies = (
				2987342C28821B8400CA7501 /* SwiftUIFontIcon */,
				290613AE288612D4005FE8B1 /* Collections */,
				290613B1288614C1005FE8B1 /* SwiftUICharts */,
			);
			productName = Spender;
			productReference = 29657C332881EE9300C70593 /* Spender.app */;
			productType = "com.apple.product-type.application";
		};
/* End PBXNativeTarget section */

/* Begin PBXProject section */
		29657C2B2881EE9300C70593 /* Project object */ = {
			isa = PBXProject;
			attributes = {
				BuildIndependentTargetsInParallel = 1;
				LastSwiftUpdateCheck = 1330;
				LastUpgradeCheck = 1330;
				TargetAttributes = {
					29657C322881EE9300C70593 = {
						CreatedOnToolsVersion = 13.3.1;
					};
				};
			};
			buildConfigurationList = 29657C2E2881EE9300C70593 /* Build configuration list for PBXProject "Spender" */;
			compatibilityVersion = "Xcode 13.0";
			developmentRegion = en;
			hasScannedForEncodings = 0;
			knownRegions = (
				en,
				Base,
			);
			mainGroup = 29657C2A2881EE9300C70593;
			packageReferences = (
				2987342B28821B8400CA7501 /* XCRemoteSwiftPackageReference "SwiftUIFontIcon" */,
				290613AD288612D4005FE8B1 /* XCRemoteSwiftPackageReference "swift-collections" */,
				290613B0288614C1005FE8B1 /* XCRemoteSwiftPackageReference "ChartView" */,
			);
			productRefGroup = 29657C342881EE9300C70593 /* Products */;
			projectDirPath = "";
			projectRoot = "";
			targets = (
				29657C322881EE9300C70593 /* Spender */,
			);
		};
/* End PBXProject section */

/* Begin PBXResourcesBuildPhase section */
		29657C312881EE9300C70593 /* Resources */ = {
			isa = PBXResourcesBuildPhase;
			buildActionMask = 2147483647;
			files = (
				29657C3E2881EE9600C70593 /* Preview Assets.xcassets in Resources */,
				29657C3B2881EE9600C70593 /* Assets.xcassets in Resources */,
			);
			runOnlyForDeploymentPostprocessing = 0;
		};
/* End PBXResourcesBuildPhase section */

/* Begin PBXSourcesBuildPhase section */
		29657C2F2881EE9300C70593 /* Sources */ = {
			isa = PBXSourcesBuildPhase;
			buildActionMask = 2147483647;
			files = (
				298734282881FCAC00CA7501 /* PreviewData.swift in Sources */,
				29C642BA288601910077E34E /* TransactionList.swift in Sources */,
				29EA99822884A10200616210 /* RecentTransactionList.swift in Sources */,
				298734262881FB6C00CA7501 /* TransactionModel.swift in Sources */,
				29657C392881EE9300C70593 /* ContentView.swift in Sources */,
				2987342A2882002D00CA7501 /* TransactionRow.swift in Sources */,
				298734242881F5E800CA7501 /* Extensions.swift in Sources */,
				2987342F288268AF00CA7501 /* TransactionListViewModel.swift in Sources */,
				29657C372881EE9300C70593 /* SpenderApp.swift in Sources */,
			);
			runOnlyForDeploymentPostprocessing = 0;
		};
/* End PBXSourcesBuildPhase section */

/* Begin XCBuildConfiguration section */
		29657C3F2881EE9600C70593 /* Debug */ = {
			isa = XCBuildConfiguration;
			buildSettings = {
				ALWAYS_SEARCH_USER_PATHS = NO;
				CLANG_ANALYZER_NONNULL = YES;
				CLANG_ANALYZER_NUMBER_OBJECT_CONVERSION = YES_AGGRESSIVE;
				CLANG_CXX_LANGUAGE_STANDARD = "gnu++17";
				CLANG_ENABLE_MODULES = YES;
				CLANG_ENABLE_OBJC_ARC = YES;
				CLANG_ENABLE_OBJC_WEAK = YES;
				CLANG_WARN_BLOCK_CAPTURE_AUTORELEASING = YES;
				CLANG_WARN_BOOL_CONVERSION = YES;
				CLANG_WARN_COMMA = YES;
				CLANG_WARN_CONSTANT_CONVERSION = YES;
				CLANG_WARN_DEPRECATED_OBJC_IMPLEMENTATIONS = YES;
				CLANG_WARN_DIRECT_OBJC_ISA_USAGE = YES_ERROR;
				CLANG_WARN_DOCUMENTATION_COMMENTS = YES;
				CLANG_WARN_EMPTY_BODY = YES;
				CLANG_WARN_ENUM_CONVERSION = YES;
				CLANG_WARN_INFINITE_RECURSION = YES;
				CLANG_WARN_INT_CONVERSION = YES;
				CLANG_WARN_NON_LITERAL_NULL_CONVERSION = YES;
				CLANG_WARN_OBJC_IMPLICIT_RETAIN_SELF = YES;
				CLANG_WARN_OBJC_LITERAL_CONVERSION = YES;
				CLANG_WARN_OBJC_ROOT_CLASS = YES_ERROR;
				CLANG_WARN_QUOTED_INCLUDE_IN_FRAMEWORK_HEADER = YES;
				CLANG_WARN_RANGE_LOOP_ANALYSIS = YES;
				CLANG_WARN_STRICT_PROTOTYPES = YES;
				CLANG_WARN_SUSPICIOUS_MOVE = YES;
				CLANG_WARN_UNGUARDED_AVAILABILITY = YES_AGGRESSIVE;
				CLANG_WARN_UNREACHABLE_CODE = YES;
				CLANG_WARN__DUPLICATE_METHOD_MATCH = YES;
				COPY_PHASE_STRIP = NO;
				DEBUG_INFORMATION_FORMAT = dwarf;
				ENABLE_STRICT_OBJC_MSGSEND = YES;
				ENABLE_TESTABILITY = YES;
				GCC_C_LANGUAGE_STANDARD = gnu11;
				GCC_DYNAMIC_NO_PIC = NO;
				GCC_NO_COMMON_BLOCKS = YES;
				GCC_OPTIMIZATION_LEVEL = 0;
				GCC_PREPROCESSOR_DEFINITIONS = (
					"DEBUG=1",
					"$(inherited)",
				);
				GCC_WARN_64_TO_32_BIT_CONVERSION = YES;
				GCC_WARN_ABOUT_RETURN_TYPE = YES_ERROR;
				GCC_WARN_UNDECLARED_SELECTOR = YES;
				GCC_WARN_UNINITIALIZED_AUTOS = YES_AGGRESSIVE;
				GCC_WARN_UNUSED_FUNCTION = YES;
				GCC_WARN_UNUSED_VARIABLE = YES;
				IPHONEOS_DEPLOYMENT_TARGET = 15.4;
				MTL_ENABLE_DEBUG_INFO = INCLUDE_SOURCE;
				MTL_FAST_MATH = YES;
				ONLY_ACTIVE_ARCH = YES;
				SDKROOT = iphoneos;
				SWIFT_ACTIVE_COMPILATION_CONDITIONS = DEBUG;
				SWIFT_OPTIMIZATION_LEVEL = "-Onone";
			};
			name = Debug;
		};
		29657C402881EE9600C70593 /* Release */ = {
			isa = XCBuildConfiguration;
			buildSettings = {
				ALWAYS_SEARCH_USER_PATHS = NO;
				CLANG_ANALYZER_NONNULL = YES;
				CLANG_ANALYZER_NUMBER_OBJECT_CONVERSION = YES_AGGRESSIVE;
				CLANG_CXX_LANGUAGE_STANDARD = "gnu++17";
				CLANG_ENABLE_MODULES = YES;
				CLANG_ENABLE_OBJC_ARC = YES;
				CLANG_ENABLE_OBJC_WEAK = YES;
				CLANG_WARN_BLOCK_CAPTURE_AUTORELEASING = YES;
				CLANG_WARN_BOOL_CONVERSION = YES;
				CLANG_WARN_COMMA = YES;
				CLANG_WARN_CONSTANT_CONVERSION = YES;
				CLANG_WARN_DEPRECATED_OBJC_IMPLEMENTATIONS = YES;
				CLANG_WARN_DIRECT_OBJC_ISA_USAGE = YES_ERROR;
				CLANG_WARN_DOCUMENTATION_COMMENTS = YES;
				CLANG_WARN_EMPTY_BODY = YES;
				CLANG_WARN_ENUM_CONVERSION = YES;
				CLANG_WARN_INFINITE_RECURSION = YES;
				CLANG_WARN_INT_CONVERSION = YES;
				CLANG_WARN_NON_LITERAL_NULL_CONVERSION = YES;
				CLANG_WARN_OBJC_IMPLICIT_RETAIN_SELF = YES;
				CLANG_WARN_OBJC_LITERAL_CONVERSION = YES;
				CLANG_WARN_OBJC_ROOT_CLASS = YES_ERROR;
				CLANG_WARN_QUOTED_INCLUDE_IN_FRAMEWORK_HEADER = YES;
				CLANG_WARN_RANGE_LOOP_ANALYSIS = YES;
				CLANG_WARN_STRICT_PROTOTYPES = YES;
				CLANG_WARN_SUSPICIOUS_MOVE = YES;
				CLANG_WARN_UNGUARDED_AVAILABILITY = YES_AGGRESSIVE;
				CLANG_WARN_UNREACHABLE_CODE = YES;
				CLANG_WARN__DUPLICATE_METHOD_MATCH = YES;
				COPY_PHASE_STRIP = NO;
				DEBUG_INFORMATION_FORMAT = "dwarf-with-dsym";
				ENABLE_NS_ASSERTIONS = NO;
				ENABLE_STRICT_OBJC_MSGSEND = YES;
				GCC_C_LANGUAGE_STANDARD = gnu11;
				GCC_NO_COMMON_BLOCKS = YES;
				GCC_WARN_64_TO_32_BIT_CONVERSION = YES;
				GCC_WARN_ABOUT_RETURN_TYPE = YES_ERROR;
				GCC_WARN_UNDECLARED_SELECTOR = YES;
				GCC_WARN_UNINITIALIZED_AUTOS = YES_AGGRESSIVE;
				GCC_WARN_UNUSED_FUNCTION = YES;
				GCC_WARN_UNUSED_VARIABLE = YES;
				IPHONEOS_DEPLOYMENT_TARGET = 15.4;
				MTL_ENABLE_DEBUG_INFO = NO;
				MTL_FAST_MATH = YES;
				SDKROOT = iphoneos;
				SWIFT_COMPILATION_MODE = wholemodule;
				SWIFT_OPTIMIZATION_LEVEL = "-O";
				VALIDATE_PRODUCT = YES;
			};
			name = Release;
		};
		29657C422881EE9600C70593 /* Debug */ = {
			isa = XCBuildConfiguration;
			buildSettings = {
				ASSETCATALOG_COMPILER_APPICON_NAME = AppIcon;
				ASSETCATALOG_COMPILER_GLOBAL_ACCENT_COLOR_NAME = AccentColor;
				CODE_SIGN_STYLE = Automatic;
				CURRENT_PROJECT_VERSION = 1;
				DEVELOPMENT_ASSET_PATHS = "\"Spender/Preview Content\"";
				ENABLE_PREVIEWS = YES;
				GENERATE_INFOPLIST_FILE = YES;
				INFOPLIST_KEY_UIApplicationSceneManifest_Generation = YES;
				INFOPLIST_KEY_UIApplicationSupportsIndirectInputEvents = YES;
				INFOPLIST_KEY_UILaunchScreen_Generation = YES;
				INFOPLIST_KEY_UISupportedInterfaceOrientations_iPad = "UIInterfaceOrientationPortrait UIInterfaceOrientationPortraitUpsideDown UIInterfaceOrientationLandscapeLeft UIInterfaceOrientationLandscapeRight";
				INFOPLIST_KEY_UISupportedInterfaceOrientations_iPhone = "UIInterfaceOrientationPortrait UIInterfaceOrientationLandscapeLeft UIInterfaceOrientationLandscapeRight";
				LD_RUNPATH_SEARCH_PATHS = (
					"$(inherited)",
					"@executable_path/Frameworks",
				);
				MARKETING_VERSION = 1.0;
				PRODUCT_BUNDLE_IDENTIFIER = com.tenzin.Spender;
				PRODUCT_NAME = "$(TARGET_NAME)";
				SWIFT_EMIT_LOC_STRINGS = YES;
				SWIFT_VERSION = 5.0;
				TARGETED_DEVICE_FAMILY = "1,2";
			};
			name = Debug;
		};
		29657C432881EE9600C70593 /* Release */ = {
			isa = XCBuildConfiguration;
			buildSettings = {
				ASSETCATALOG_COMPILER_APPICON_NAME = AppIcon;
				ASSETCATALOG_COMPILER_GLOBAL_ACCENT_COLOR_NAME = AccentColor;
				CODE_SIGN_STYLE = Automatic;
				CURRENT_PROJECT_VERSION = 1;
				DEVELOPMENT_ASSET_PATHS = "\"Spender/Preview Content\"";
				ENABLE_PREVIEWS = YES;
				GENERATE_INFOPLIST_FILE = YES;
				INFOPLIST_KEY_UIApplicationSceneManifest_Generation = YES;
				INFOPLIST_KEY_UIApplicationSupportsIndirectInputEvents = YES;
				INFOPLIST_KEY_UILaunchScreen_Generation = YES;
				INFOPLIST_KEY_UISupportedInterfaceOrientations_iPad = "UIInterfaceOrientationPortrait UIInterfaceOrientationPortraitUpsideDown UIInterfaceOrientationLandscapeLeft UIInterfaceOrientationLandscapeRight";
				INFOPLIST_KEY_UISupportedInterfaceOrientations_iPhone = "UIInterfaceOrientationPortrait UIInterfaceOrientationLandscapeLeft UIInterfaceOrientationLandscapeRight";
				LD_RUNPATH_SEARCH_PATHS = (
					"$(inherited)",
					"@executable_path/Frameworks",
				);
				MARKETING_VERSION = 1.0;
				PRODUCT_BUNDLE_IDENTIFIER = com.tenzin.Spender;
				PRODUCT_NAME = "$(TARGET_NAME)";
				SWIFT_EMIT_LOC_STRINGS = YES;
				SWIFT_VERSION = 5.0;
				TARGETED_DEVICE_FAMILY = "1,2";
			};
			name = Release;
		};
/* End XCBuildConfiguration section */

/* Begin XCConfigurationList section */
		29657C2E2881EE9300C70593 /* Build configuration list for PBXProject "Spender" */ = {
			isa = XCConfigurationList;
			buildConfigurations = (
				29657C3F2881EE9600C70593 /* Debug */,
				29657C402881EE9600C70593 /* Release */,
			);
			defaultConfigurationIsVisible = 0;
			defaultConfigurationName = Release;
		};
		29657C412881EE9600C70593 /* Build configuration list for PBXNativeTarget "Spender" */ = {
			isa = XCConfigurationList;
			buildConfigurations = (
				29657C422881EE9600C70593 /* Debug */,
				29657C432881EE9600C70593 /* Release */,
			);
			defaultConfigurationIsVisible = 0;
			defaultConfigurationName = Release;
		};
/* End XCConfigurationList section */

/* Begin XCRemoteSwiftPackageReference section */
		290613AD288612D4005FE8B1 /* XCRemoteSwiftPackageReference "swift-collections" */ = {
			isa = XCRemoteSwiftPackageReference;
			repositoryURL = "https://github.com/apple/swift-collections.git";
			requirement = {
				kind = upToNextMajorVersion;
				minimumVersion = 1.0.2;
			};
		};
		290613B0288614C1005FE8B1 /* XCRemoteSwiftPackageReference "ChartView" */ = {
			isa = XCRemoteSwiftPackageReference;
			repositoryURL = "https://github.com/AppPear/ChartView";
			requirement = {
				kind = exactVersion;
				version = "2.0.0-beta.2";
			};
		};
		2987342B28821B8400CA7501 /* XCRemoteSwiftPackageReference "SwiftUIFontIcon" */ = {
			isa = XCRemoteSwiftPackageReference;
			repositoryURL = "https://github.com/huybuidac/SwiftUIFontIcon.git";
			requirement = {
				branch = master;
				kind = branch;
			};
		};
/* End XCRemoteSwiftPackageReference section */

/* Begin XCSwiftPackageProductDependency section */
		290613AE288612D4005FE8B1 /* Collections */ = {
			isa = XCSwiftPackageProductDependency;
			package = 290613AD288612D4005FE8B1 /* XCRemoteSwiftPackageReference "swift-collections" */;
			productName = Collections;
		};
		290613B1288614C1005FE8B1 /* SwiftUICharts */ = {
			isa = XCSwiftPackageProductDependency;
			package = 290613B0288614C1005FE8B1 /* XCRemoteSwiftPackageReference "ChartView" */;
			productName = SwiftUICharts;
		};
		2987342C28821B8400CA7501 /* SwiftUIFontIcon */ = {
			isa = XCSwiftPackageProductDependency;
			package = 2987342B28821B8400CA7501 /* XCRemoteSwiftPackageReference "SwiftUIFontIcon" */;
			productName = SwiftUIFontIcon;
		};
/* End XCSwiftPackageProductDependency section */
	};
	rootObject = 29657C2B2881EE9300C70593 /* Project object */;
}
